
Microsoft Visual Studio Solution File, Format Version 11.00
# Visual Studio 2010
Project("{FAE04EC0-301F-11D3-BF4B-00C04F79EFBC}") = "AstarPathfindingProject", "AstarPathfindingProject.csproj", "{9cf91774-c6c0-3442-399b-50940723b1b1}"
EndProject
Project("{FAE04EC0-301F-11D3-BF4B-00C04F79EFBC}") = "Assembly-CSharp", "Assembly-CSharp.csproj", "{8e8450e7-e796-a2a9-c759-9d5dd04f3003}"
EndProject
Project("{FAE04EC0-301F-11D3-BF4B-00C04F79EFBC}") = "PackageToolsEditor", "PackageToolsEditor.csproj", "{519f9724-4361-4940-748b-49227b7458a8}"
EndProject
Project("{FAE04EC0-301F-11D3-BF4B-00C04F79EFBC}") = "AstarPathfindingProjectEditor", "AstarPathfindingProjectEditor.csproj", "{72e2ed35-4650-5833-b4dd-710d5c67df54}"
EndProject
Global
	GlobalSection(SolutionConfigurationPlatforms) = preSolution
		Debug|Any CPU = Debug|Any CPU
	EndGlobalSection
	GlobalSection(ProjectConfigurationPlatforms) = postSolution
		{9cf91774-c6c0-3442-399b-50940723b1b1}.Debug|Any CPU.ActiveCfg = Debug|Any CPU
		{9cf91774-c6c0-3442-399b-50940723b1b1}.Debug|Any CPU.Build.0 = Debug|Any CPU
		{8e8450e7-e796-a2a9-c759-9d5dd04f3003}.Debug|Any CPU.ActiveCfg = Debug|Any CPU
		{8e8450e7-e796-a2a9-c759-9d5dd04f3003}.Debug|Any CPU.Build.0 = Debug|Any CPU
		{519f9724-4361-4940-748b-49227b7458a8}.Debug|Any CPU.ActiveCfg = Debug|Any CPU
		{519f9724-4361-4940-748b-49227b7458a8}.Debug|Any CPU.Build.0 = Debug|Any CPU
		{72e2ed35-4650-5833-b4dd-710d5c67df54}.Debug|Any CPU.ActiveCfg = Debug|Any CPU
		{72e2ed35-4650-5833-b4dd-710d5c67df54}.Debug|Any CPU.Build.0 = Debug|Any CPU
	EndGlobalSection
	GlobalSection(SolutionProperties) = preSolution
		HideSolutionNode = FALSE
	EndGlobalSection
EndGlobal
